
Microsoft Visual Studio Solution File, Format Version 12.00
Project("{FAE04EC0-301F-11D3-BF4B-00C04F79EFBC}") = "Hosting", "Hosting\Hosting.csproj", "{6E7B18EB-C799-4BD8-BD18-57C79582F478}"
EndProject
Project("{FAE04EC0-301F-11D3-BF4B-00C04F79EFBC}") = "Sample.ConsoleApp", "Sample.ConsoleApp\Sample.ConsoleApp.csproj", "{78C71CBB-693A-4B01-BDC3-C1D3322BFCD1}"
EndProject
Global
	GlobalSection(SolutionConfigurationPlatforms) = preSolution
		Debug|Any CPU = Debug|Any CPU
		Release|Any CPU = Release|Any CPU
	EndGlobalSection
	GlobalSection(ProjectConfigurationPlatforms) = postSolution
		{6E7B18EB-C799-4BD8-BD18-57C79582F478}.Debug|Any CPU.ActiveCfg = Debug|Any CPU
		{6E7B18EB-C799-4BD8-BD18-57C79582F478}.Debug|Any CPU.Build.0 = Debug|Any CPU
		{6E7B18EB-C799-4BD8-BD18-57C79582F478}.Release|Any CPU.ActiveCfg = Release|Any CPU
		{6E7B18EB-C799-4BD8-BD18-57C79582F478}.Release|Any CPU.Build.0 = Release|Any CPU
		{78C71CBB-693A-4B01-BDC3-C1D3322BFCD1}.Debug|Any CPU.ActiveCfg = Debug|Any CPU
		{78C71CBB-693A-4B01-BDC3-C1D3322BFCD1}.Debug|Any CPU.Build.0 = Debug|Any CPU
		{78C71CBB-693A-4B01-BDC3-C1D3322BFCD1}.Release|Any CPU.ActiveCfg = Release|Any CPU
		{78C71CBB-693A-4B01-BDC3-C1D3322BFCD1}.Release|Any CPU.Build.0 = Release|Any CPU
	EndGlobalSection
EndGlobal
